
Microsoft Visual Studio Solution File, Format Version 12.00
# Visual Studio Version 17
VisualStudioVersion = 17.11.35222.181
MinimumVisualStudioVersion = 10.0.40219.1
Project("{8BC9CEB8-8B4A-11D0-8D11-00A0C91BC942}") = "CHap5Ex18 PopBarChart", "CHap5Ex18 PopBarChart.vcxproj", "{CD2350F3-59DD-4FB1-8E13-CBBDFE6279A7}"
EndProject
Global
	GlobalSection(SolutionConfigurationPlatforms) = preSolution
		Debug|ARM = Debug|ARM
		Debug|ARM64 = Debug|ARM64
		Debug|x64 = Debug|x64
		Debug|x86 = Debug|x86
		Release|ARM = Release|ARM
		Release|ARM64 = Release|ARM64
		Release|x64 = Release|x64
		Release|x86 = Release|x86
	EndGlobalSection
	GlobalSection(ProjectConfigurationPlatforms) = postSolution
		{CD2350F3-59DD-4FB1-8E13-CBBDFE6279A7}.Debug|ARM.ActiveCfg = Debug|ARM
		{CD2350F3-59DD-4FB1-8E13-CBBDFE6279A7}.Debug|ARM.Build.0 = Debug|ARM
		{CD2350F3-59DD-4FB1-8E13-CBBDFE6279A7}.Debug|ARM.Deploy.0 = Debug|ARM
		{CD2350F3-59DD-4FB1-8E13-CBBDFE6279A7}.Debug|ARM64.ActiveCfg = Debug|ARM64
		{CD2350F3-59DD-4FB1-8E13-CBBDFE6279A7}.Debug|ARM64.Build.0 = Debug|ARM64
		{CD2350F3-59DD-4FB1-8E13-CBBDFE6279A7}.Debug|ARM64.Deploy.0 = Debug|ARM64
		{CD2350F3-59DD-4FB1-8E13-CBBDFE6279A7}.Debug|x64.ActiveCfg = Debug|x64
		{CD2350F3-59DD-4FB1-8E13-CBBDFE6279A7}.Debug|x64.Build.0 = Debug|x64
		{CD2350F3-59DD-4FB1-8E13-CBBDFE6279A7}.Debug|x64.Deploy.0 = Debug|x64
		{CD2350F3-59DD-4FB1-8E13-CBBDFE6279A7}.Debug|x86.ActiveCfg = Debug|x86
		{CD2350F3-59DD-4FB1-8E13-CBBDFE6279A7}.Debug|x86.Build.0 = Debug|x86
		{CD2350F3-59DD-4FB1-8E13-CBBDFE6279A7}.Debug|x86.Deploy.0 = Debug|x86
		{CD2350F3-59DD-4FB1-8E13-CBBDFE6279A7}.Release|ARM.ActiveCfg = Release|ARM
		{CD2350F3-59DD-4FB1-8E13-CBBDFE6279A7}.Release|ARM.Build.0 = Release|ARM
		{CD2350F3-59DD-4FB1-8E13-CBBDFE6279A7}.Release|ARM.Deploy.0 = Release|ARM
		{CD2350F3-59DD-4FB1-8E13-CBBDFE6279A7}.Release|ARM64.ActiveCfg = Release|ARM64
		{CD2350F3-59DD-4FB1-8E13-CBBDFE6279A7}.Release|ARM64.Build.0 = Release|ARM64
		{CD2350F3-59DD-4FB1-8E13-CBBDFE6279A7}.Release|ARM64.Deploy.0 = Release|ARM64
		{CD2350F3-59DD-4FB1-8E13-CBBDFE6279A7}.Release|x64.ActiveCfg = Release|x64
		{CD2350F3-59DD-4FB1-8E13-CBBDFE6279A7}.Release|x64.Build.0 = Release|x64
		{CD2350F3-59DD-4FB1-8E13-CBBDFE6279A7}.Release|x64.Deploy.0 = Release|x64
		{CD2350F3-59DD-4FB1-8E13-CBBDFE6279A7}.Release|x86.ActiveCfg = Release|x86
		{CD2350F3-59DD-4FB1-8E13-CBBDFE6279A7}.Release|x86.Build.0 = Release|x86
		{CD2350F3-59DD-4FB1-8E13-CBBDFE6279A7}.Release|x86.Deploy.0 = Release|x86
	EndGlobalSection
	GlobalSection(SolutionProperties) = preSolution
		HideSolutionNode = FALSE
	EndGlobalSection
	GlobalSection(ExtensibilityGlobals) = postSolution
		SolutionGuid = {478A042D-AF87-4663-87D0-D37BFF3643CB}
	EndGlobalSection
EndGlobal
